
Microsoft Visual Studio Solution File, Format Version 12.00
# Visual Studio 15
VisualStudioVersion = 15.0.27428.2005
MinimumVisualStudioVersion = 10.0.40219.1
Project("{FAE04EC0-301F-11D3-BF4B-00C04F79EFBC}") = "ConexionBD", "ConexionBD\ConexionBD.csproj", "{BF2FC14C-EF56-4492-B1FC-AD94EC581ECD}"
EndProject
Project("{FAE04EC0-301F-11D3-BF4B-00C04F79EFBC}") = "Clases", "Clases\Clases.csproj", "{DE86B5E8-DE99-4595-89CA-0C9574DAE9EE}"
EndProject
Project("{FAE04EC0-301F-11D3-BF4B-00C04F79EFBC}") = "FrameworkAnaliticaVisual", "FrameworkAnaliticaVisual\FrameworkAnaliticaVisual.csproj", "{750CD328-47BD-471A-AC73-D4EA47326ECD}"
EndProject
Project("{FAE04EC0-301F-11D3-BF4B-00C04F79EFBC}") = "CanvasViews", "CanvasViews\CanvasViews.csproj", "{AB506B22-5801-419F-9B13-65B342A3481E}"
EndProject
Global
	GlobalSection(SolutionConfigurationPlatforms) = preSolution
		Debug|Any CPU = Debug|Any CPU
		Release|Any CPU = Release|Any CPU
	EndGlobalSection
	GlobalSection(ProjectConfigurationPlatforms) = postSolution
		{BF2FC14C-EF56-4492-B1FC-AD94EC581ECD}.Debug|Any CPU.ActiveCfg = Debug|Any CPU
		{BF2FC14C-EF56-4492-B1FC-AD94EC581ECD}.Debug|Any CPU.Build.0 = Debug|Any CPU
		{BF2FC14C-EF56-4492-B1FC-AD94EC581ECD}.Release|Any CPU.ActiveCfg = Release|Any CPU
		{BF2FC14C-EF56-4492-B1FC-AD94EC581ECD}.Release|Any CPU.Build.0 = Release|Any CPU
		{DE86B5E8-DE99-4595-89CA-0C9574DAE9EE}.Debug|Any CPU.ActiveCfg = Debug|Any CPU
		{DE86B5E8-DE99-4595-89CA-0C9574DAE9EE}.Debug|Any CPU.Build.0 = Debug|Any CPU
		{DE86B5E8-DE99-4595-89CA-0C9574DAE9EE}.Release|Any CPU.ActiveCfg = Release|Any CPU
		{DE86B5E8-DE99-4595-89CA-0C9574DAE9EE}.Release|Any CPU.Build.0 = Release|Any CPU
		{750CD328-47BD-471A-AC73-D4EA47326ECD}.Debug|Any CPU.ActiveCfg = Debug|Any CPU
		{750CD328-47BD-471A-AC73-D4EA47326ECD}.Debug|Any CPU.Build.0 = Debug|Any CPU
		{750CD328-47BD-471A-AC73-D4EA47326ECD}.Release|Any CPU.ActiveCfg = Release|Any CPU
		{750CD328-47BD-471A-AC73-D4EA47326ECD}.Release|Any CPU.Build.0 = Release|Any CPU
		{AB506B22-5801-419F-9B13-65B342A3481E}.Debug|Any CPU.ActiveCfg = Debug|Any CPU
		{AB506B22-5801-419F-9B13-65B342A3481E}.Debug|Any CPU.Build.0 = Debug|Any CPU
		{AB506B22-5801-419F-9B13-65B342A3481E}.Release|Any CPU.ActiveCfg = Release|Any CPU
		{AB506B22-5801-419F-9B13-65B342A3481E}.Release|Any CPU.Build.0 = Release|Any CPU
	EndGlobalSection
	GlobalSection(SolutionProperties) = preSolution
		HideSolutionNode = FALSE
	EndGlobalSection
	GlobalSection(ExtensibilityGlobals) = postSolution
		SolutionGuid = {22E72BEE-83DA-4468-B868-43996FC40C5E}
	EndGlobalSection
EndGlobal
